
Microsoft Visual Studio Solution File, Format Version 12.00
# Visual Studio Version 17
VisualStudioVersion = 17.11.35222.181
MinimumVisualStudioVersion = 10.0.40219.1
Project("{FAE04EC0-301F-11D3-BF4B-00C04F79EFBC}") = "Twinkies Store", "Twinkies Store.csproj", "{3DC0E716-A8C6-42FA-AC00-32CF7FC4CCA9}"
EndProject
Project("{FAE04EC0-301F-11D3-BF4B-00C04F79EFBC}") = "TwinkiesStoreDataAccessLayer", "..\TestAccessLayer\TwinkiesStoreDataAccessLayer.csproj", "{A376B2D6-DCE3-4580-877A-E2AC97B9476E}"
EndProject
Project("{FAE04EC0-301F-11D3-BF4B-00C04F79EFBC}") = "TwinkiesStoreBusinessLayer", "..\TwinkiesStoreBusinessLayer\TwinkiesStoreBusinessLayer.csproj", "{DBC58B28-238C-4740-BC8E-6829198E0AE4}"
EndProject
Global
	GlobalSection(SolutionConfigurationPlatforms) = preSolution
		Debug|Any CPU = Debug|Any CPU
		Release|Any CPU = Release|Any CPU
	EndGlobalSection
	GlobalSection(ProjectConfigurationPlatforms) = postSolution
		{3DC0E716-A8C6-42FA-AC00-32CF7FC4CCA9}.Debug|Any CPU.ActiveCfg = Debug|Any CPU
		{3DC0E716-A8C6-42FA-AC00-32CF7FC4CCA9}.Debug|Any CPU.Build.0 = Debug|Any CPU
		{3DC0E716-A8C6-42FA-AC00-32CF7FC4CCA9}.Release|Any CPU.ActiveCfg = Release|Any CPU
		{3DC0E716-A8C6-42FA-AC00-32CF7FC4CCA9}.Release|Any CPU.Build.0 = Release|Any CPU
		{A376B2D6-DCE3-4580-877A-E2AC97B9476E}.Debug|Any CPU.ActiveCfg = Debug|Any CPU
		{A376B2D6-DCE3-4580-877A-E2AC97B9476E}.Debug|Any CPU.Build.0 = Debug|Any CPU
		{A376B2D6-DCE3-4580-877A-E2AC97B9476E}.Release|Any CPU.ActiveCfg = Release|Any CPU
		{A376B2D6-DCE3-4580-877A-E2AC97B9476E}.Release|Any CPU.Build.0 = Release|Any CPU
		{DBC58B28-238C-4740-BC8E-6829198E0AE4}.Debug|Any CPU.ActiveCfg = Debug|Any CPU
		{DBC58B28-238C-4740-BC8E-6829198E0AE4}.Debug|Any CPU.Build.0 = Debug|Any CPU
		{DBC58B28-238C-4740-BC8E-6829198E0AE4}.Release|Any CPU.ActiveCfg = Release|Any CPU
		{DBC58B28-238C-4740-BC8E-6829198E0AE4}.Release|Any CPU.Build.0 = Release|Any CPU
	EndGlobalSection
	GlobalSection(SolutionProperties) = preSolution
		HideSolutionNode = FALSE
	EndGlobalSection
	GlobalSection(ExtensibilityGlobals) = postSolution
		SolutionGuid = {D7110B4B-D176-4290-862A-2C098EF43A98}
	EndGlobalSection
EndGlobal
